// !$*UTF8*$!
{
	archiveVersion = 1;
	classes = {
	};
	objectVersion = 50;
	objects = {

/* Begin PBXBuildFile section */
		ACB212E657EAB56452810C60 /* libPods-ToDo.a in Frameworks */ = {isa = PBXBuildFile; fileRef = 69D1D6502D88F1DBDF5C24DC /* libPods-ToDo.a */; };
		C3187BF920C9BC8A009502CC /* fa-solid.ttf in Resources */ = {isa = PBXBuildFile; fileRef = C3187BF820C9BC8A009502CC /* fa-solid.ttf */; };
		C3187BFB20C9C381009502CC /* GoogleService-Info.plist in Resources */ = {isa = PBXBuildFile; fileRef = C3187BFA20C9C381009502CC /* GoogleService-Info.plist */; };
		C3187BFF20CA0387009502CC /* Assignment.swift in Sources */ = {isa = PBXBuildFile; fileRef = C3187BFE20CA0387009502CC /* Assignment.swift */; };
		C3187C0120CA0397009502CC /* ClassSchool.swift in Sources */ = {isa = PBXBuildFile; fileRef = C3187C0020CA0397009502CC /* ClassSchool.swift */; };
		C3187C0320CA04A3009502CC /* User.swift in Sources */ = {isa = PBXBuildFile; fileRef = C3187C0220CA04A3009502CC /* User.swift */; };
		C3187C0520CA3FB2009502CC /* AssignmentCell.swift in Sources */ = {isa = PBXBuildFile; fileRef = C3187C0420CA3FB2009502CC /* AssignmentCell.swift */; };
		C3187C0720CA4728009502CC /* Constants.swift in Sources */ = {isa = PBXBuildFile; fileRef = C3187C0620CA4728009502CC /* Constants.swift */; };
		C3A61C2120CBB268004BAAB5 /* dataReciever.swift in Sources */ = {isa = PBXBuildFile; fileRef = C3A61C2020CBB268004BAAB5 /* dataReciever.swift */; };
		C3A61C2320CC69C6004BAAB5 /* AddAssignmnetViewController.swift in Sources */ = {isa = PBXBuildFile; fileRef = C3A61C2220CC69C6004BAAB5 /* AddAssignmnetViewController.swift */; };
		C3A61C2520CC6BE1004BAAB5 /* NewClassViewController.swift in Sources */ = {isa = PBXBuildFile; fileRef = C3A61C2420CC6BE1004BAAB5 /* NewClassViewController.swift */; };
		C3B3342020C65AA600A8F30C /* AppDelegate.swift in Sources */ = {isa = PBXBuildFile; fileRef = C3B3341F20C65AA600A8F30C /* AppDelegate.swift */; };
		C3B3342220C65AA600A8F30C /* AssignmentViewController.swift in Sources */ = {isa = PBXBuildFile; fileRef = C3B3342120C65AA600A8F30C /* AssignmentViewController.swift */; };
		C3B3342520C65AA600A8F30C /* Main.storyboard in Resources */ = {isa = PBXBuildFile; fileRef = C3B3342320C65AA600A8F30C /* Main.storyboard */; };
		C3B3342720C65AA700A8F30C /* Assets.xcassets in Resources */ = {isa = PBXBuildFile; fileRef = C3B3342620C65AA700A8F30C /* Assets.xcassets */; };
		C3B3342A20C65AA700A8F30C /* LaunchScreen.storyboard in Resources */ = {isa = PBXBuildFile; fileRef = C3B3342820C65AA700A8F30C /* LaunchScreen.storyboard */; };
/* End PBXBuildFile section */

/* Begin PBXFileReference section */
		69D1D6502D88F1DBDF5C24DC /* libPods-ToDo.a */ = {isa = PBXFileReference; explicitFileType = archive.ar; includeInIndex = 0; path = "libPods-ToDo.a"; sourceTree = BUILT_PRODUCTS_DIR; };
		86070A8EB4018201454071C1 /* Pods-ToDo.debug.xcconfig */ = {isa = PBXFileReference; includeInIndex = 1; lastKnownFileType = text.xcconfig; name = "Pods-ToDo.debug.xcconfig"; path = "Pods/Target Support Files/Pods-ToDo/Pods-ToDo.debug.xcconfig"; sourceTree = "<group>"; };
		B51221E31B35BCD2D2FC98B9 /* Pods-ToDo.release.xcconfig */ = {isa = PBXFileReference; includeInIndex = 1; lastKnownFileType = text.xcconfig; name = "Pods-ToDo.release.xcconfig"; path = "Pods/Target Support Files/Pods-ToDo/Pods-ToDo.release.xcconfig"; sourceTree = "<group>"; };
		C3187BF820C9BC8A009502CC /* fa-solid.ttf */ = {isa = PBXFileReference; lastKnownFileType = file; path = "fa-solid.ttf"; sourceTree = "<group>"; };
		C3187BFA20C9C381009502CC /* GoogleService-Info.plist */ = {isa = PBXFileReference; fileEncoding = 4; lastKnownFileType = text.plist.xml; path = "GoogleService-Info.plist"; sourceTree = "<group>"; };
		C3187BFE20CA0387009502CC /* Assignment.swift */ = {isa = PBXFileReference; lastKnownFileType = sourcecode.swift; path = Assignment.swift; sourceTree = "<group>"; };
		C3187C0020CA0397009502CC /* ClassSchool.swift */ = {isa = PBXFileReference; lastKnownFileType = sourcecode.swift; path = ClassSchool.swift; sourceTree = "<group>"; };
		C3187C0220CA04A3009502CC /* User.swift */ = {isa = PBXFileReference; lastKnownFileType = sourcecode.swift; path = User.swift; sourceTree = "<group>"; };
		C3187C0420CA3FB2009502CC /* AssignmentCell.swift */ = {isa = PBXFileReference; lastKnownFileType = sourcecode.swift; path = AssignmentCell.swift; sourceTree = "<group>"; };
		C3187C0620CA4728009502CC /* Constants.swift */ = {isa = PBXFileReference; lastKnownFileType = sourcecode.swift; path = Constants.swift; sourceTree = "<group>"; };
		C3A61C2020CBB268004BAAB5 /* dataReciever.swift */ = {isa = PBXFileReference; lastKnownFileType = sourcecode.swift; path = dataReciever.swift; sourceTree = "<group>"; };
		C3A61C2220CC69C6004BAAB5 /* AddAssignmnetViewController.swift */ = {isa = PBXFileReference; lastKnownFileType = sourcecode.swift; path = AddAssignmnetViewController.swift; sourceTree = "<group>"; };
		C3A61C2420CC6BE1004BAAB5 /* NewClassViewController.swift */ = {isa = PBXFileReference; lastKnownFileType = sourcecode.swift; path = NewClassViewController.swift; sourceTree = "<group>"; };
		C3B3341C20C65AA600A8F30C /* ToDo.app */ = {isa = PBXFileReference; explicitFileType = wrapper.application; includeInIndex = 0; path = ToDo.app; sourceTree = BUILT_PRODUCTS_DIR; };
		C3B3341F20C65AA600A8F30C /* AppDelegate.swift */ = {isa = PBXFileReference; lastKnownFileType = sourcecode.swift; path = AppDelegate.swift; sourceTree = "<group>"; };
		C3B3342120C65AA600A8F30C /* AssignmentViewController.swift */ = {isa = PBXFileReference; lastKnownFileType = sourcecode.swift; path = AssignmentViewController.swift; sourceTree = "<group>"; };
		C3B3342420C65AA600A8F30C /* Base */ = {isa = PBXFileReference; lastKnownFileType = file.storyboard; name = Base; path = Base.lproj/Main.storyboard; sourceTree = "<group>"; };
		C3B3342620C65AA700A8F30C /* Assets.xcassets */ = {isa = PBXFileReference; lastKnownFileType = folder.assetcatalog; path = Assets.xcassets; sourceTree = "<group>"; };
		C3B3342920C65AA700A8F30C /* Base */ = {isa = PBXFileReference; lastKnownFileType = file.storyboard; name = Base; path = Base.lproj/LaunchScreen.storyboard; sourceTree = "<group>"; };
		C3B3342B20C65AA700A8F30C /* Info.plist */ = {isa = PBXFileReference; lastKnownFileType = text.plist.xml; path = Info.plist; sourceTree = "<group>"; };
/* End PBXFileReference section */

/* Begin PBXFrameworksBuildPhase section */
		C3B3341920C65AA600A8F30C /* Frameworks */ = {
			isa = PBXFrameworksBuildPhase;
			buildActionMask = 2147483647;
			files = (
				ACB212E657EAB56452810C60 /* libPods-ToDo.a in Frameworks */,
			);
			runOnlyForDeploymentPostprocessing = 0;
		};
/* End PBXFrameworksBuildPhase section */

/* Begin PBXGroup section */
		08BCAD2C40FCEF97978B0EA6 /* Frameworks */ = {
			isa = PBXGroup;
			children = (
				69D1D6502D88F1DBDF5C24DC /* libPods-ToDo.a */,
			);
			name = Frameworks;
			sourceTree = "<group>";
		};
		C3187BF520C9B78B009502CC /* fonts */ = {
			isa = PBXGroup;
			children = (
				C3187BF820C9BC8A009502CC /* fa-solid.ttf */,
			);
			path = fonts;
			sourceTree = "<group>";
		};
		C3187BFC20CA029B009502CC /* Controllers */ = {
			isa = PBXGroup;
			children = (
				C3B3342120C65AA600A8F30C /* AssignmentViewController.swift */,
				C3187C0420CA3FB2009502CC /* AssignmentCell.swift */,
				C3A61C2220CC69C6004BAAB5 /* AddAssignmnetViewController.swift */,
				C3A61C2420CC6BE1004BAAB5 /* NewClassViewController.swift */,
			);
			path = Controllers;
			sourceTree = "<group>";
		};
		C3187BFD20CA02AC009502CC /* Models */ = {
			isa = PBXGroup;
			children = (
				C3187BFE20CA0387009502CC /* Assignment.swift */,
				C3187C0020CA0397009502CC /* ClassSchool.swift */,
				C3187C0220CA04A3009502CC /* User.swift */,
			);
			path = Models;
			sourceTree = "<group>";
		};
		C3187C0820CA4BD0009502CC /* Helpers */ = {
			isa = PBXGroup;
			children = (
				C3A61C2020CBB268004BAAB5 /* dataReciever.swift */,
			);
			path = Helpers;
			sourceTree = "<group>";
		};
		C3B3341320C65AA600A8F30C = {
			isa = PBXGroup;
			children = (
				C3B3341E20C65AA600A8F30C /* ToDo */,
				C3B3341D20C65AA600A8F30C /* Products */,
				ECE1747F89A0C9D16F3752EA /* Pods */,
				08BCAD2C40FCEF97978B0EA6 /* Frameworks */,
			);
			sourceTree = "<group>";
		};
		C3B3341D20C65AA600A8F30C /* Products */ = {
			isa = PBXGroup;
			children = (
				C3B3341C20C65AA600A8F30C /* ToDo.app */,
			);
			name = Products;
			sourceTree = "<group>";
		};
		C3B3341E20C65AA600A8F30C /* ToDo */ = {
			isa = PBXGroup;
			children = (
				C3187C0820CA4BD0009502CC /* Helpers */,
				C3187BFD20CA02AC009502CC /* Models */,
				C3187BFC20CA029B009502CC /* Controllers */,
				C3B3341F20C65AA600A8F30C /* AppDelegate.swift */,
				C3B3342320C65AA600A8F30C /* Main.storyboard */,
				C3187BFA20C9C381009502CC /* GoogleService-Info.plist */,
				C3B3342620C65AA700A8F30C /* Assets.xcassets */,
				C3B3342820C65AA700A8F30C /* LaunchScreen.storyboard */,
				C3B3342B20C65AA700A8F30C /* Info.plist */,
				C3187BF520C9B78B009502CC /* fonts */,
				C3187C0620CA4728009502CC /* Constants.swift */,
			);
			path = ToDo;
			sourceTree = "<group>";
		};
		ECE1747F89A0C9D16F3752EA /* Pods */ = {
			isa = PBXGroup;
			children = (
				86070A8EB4018201454071C1 /* Pods-ToDo.debug.xcconfig */,
				B51221E31B35BCD2D2FC98B9 /* Pods-ToDo.release.xcconfig */,
			);
			name = Pods;
			sourceTree = "<group>";
		};
/* End PBXGroup section */

/* Begin PBXNativeTarget section */
		C3B3341B20C65AA600A8F30C /* ToDo */ = {
			isa = PBXNativeTarget;
			buildConfigurationList = C3B3342E20C65AA700A8F30C /* Build configuration list for PBXNativeTarget "ToDo" */;
			buildPhases = (
				074BC36CAA037C70CB31F737 /* [CP] Check Pods Manifest.lock */,
				C3B3341820C65AA600A8F30C /* Sources */,
				C3B3341920C65AA600A8F30C /* Frameworks */,
				C3B3341A20C65AA600A8F30C /* Resources */,
			);
			buildRules = (
			);
			dependencies = (
			);
			name = ToDo;
			productName = ToDo;
			productReference = C3B3341C20C65AA600A8F30C /* ToDo.app */;
			productType = "com.apple.product-type.application";
		};
/* End PBXNativeTarget section */

/* Begin PBXProject section */
		C3B3341420C65AA600A8F30C /* Project object */ = {
			isa = PBXProject;
			attributes = {
				LastSwiftUpdateCheck = 0940;
				LastUpgradeCheck = 0940;
				ORGANIZATIONNAME = "Emre Cakir";
				TargetAttributes = {
					C3B3341B20C65AA600A8F30C = {
						CreatedOnToolsVersion = 9.4;
					};
				};
			};
			buildConfigurationList = C3B3341720C65AA600A8F30C /* Build configuration list for PBXProject "ToDo" */;
			compatibilityVersion = "Xcode 9.3";
			developmentRegion = en;
			hasScannedForEncodings = 0;
			knownRegions = (
				en,
				Base,
			);
			mainGroup = C3B3341320C65AA600A8F30C;
			productRefGroup = C3B3341D20C65AA600A8F30C /* Products */;
			projectDirPath = "";
			projectRoot = "";
			targets = (
				C3B3341B20C65AA600A8F30C /* ToDo */,
			);
		};
/* End PBXProject section */

/* Begin PBXResourcesBuildPhase section */
		C3B3341A20C65AA600A8F30C /* Resources */ = {
			isa = PBXResourcesBuildPhase;
			buildActionMask = 2147483647;
			files = (
				C3B3342A20C65AA700A8F30C /* LaunchScreen.storyboard in Resources */,
				C3B3342720C65AA700A8F30C /* Assets.xcassets in Resources */,
				C3187BFB20C9C381009502CC /* GoogleService-Info.plist in Resources */,
				C3187BF920C9BC8A009502CC /* fa-solid.ttf in Resources */,
				C3B3342520C65AA600A8F30C /* Main.storyboard in Resources */,
			);
			runOnlyForDeploymentPostprocessing = 0;
		};
/* End PBXResourcesBuildPhase section */

/* Begin PBXShellScriptBuildPhase section */
		074BC36CAA037C70CB31F737 /* [CP] Check Pods Manifest.lock */ = {
			isa = PBXShellScriptBuildPhase;
			buildActionMask = 2147483647;
			files = (
			);
			inputPaths = (
				"${PODS_PODFILE_DIR_PATH}/Podfile.lock",
				"${PODS_ROOT}/Manifest.lock",
			);
			name = "[CP] Check Pods Manifest.lock";
			outputPaths = (
				"$(DERIVED_FILE_DIR)/Pods-ToDo-checkManifestLockResult.txt",
			);
			runOnlyForDeploymentPostprocessing = 0;
			shellPath = /bin/sh;
			shellScript = "diff \"${PODS_PODFILE_DIR_PATH}/Podfile.lock\" \"${PODS_ROOT}/Manifest.lock\" > /dev/null\nif [ $? != 0 ] ; then\n    # print error to STDERR\n    echo \"error: The sandbox is not in sync with the Podfile.lock. Run 'pod install' or update your CocoaPods installation.\" >&2\n    exit 1\nfi\n# This output is used by Xcode 'outputs' to avoid re-running this script phase.\necho \"SUCCESS\" > \"${SCRIPT_OUTPUT_FILE_0}\"\n";
			showEnvVarsInLog = 0;
		};
/* End PBXShellScriptBuildPhase section */

/* Begin PBXSourcesBuildPhase section */
		C3B3341820C65AA600A8F30C /* Sources */ = {
			isa = PBXSourcesBuildPhase;
			buildActionMask = 2147483647;
			files = (
				C3187C0120CA0397009502CC /* ClassSchool.swift in Sources */,
				C3187BFF20CA0387009502CC /* Assignment.swift in Sources */,
				C3187C0520CA3FB2009502CC /* AssignmentCell.swift in Sources */,
				C3B3342220C65AA600A8F30C /* AssignmentViewController.swift in Sources */,
				C3A61C2520CC6BE1004BAAB5 /* NewClassViewController.swift in Sources */,
				C3A61C2120CBB268004BAAB5 /* dataReciever.swift in Sources */,
				C3A61C2320CC69C6004BAAB5 /* AddAssignmnetViewController.swift in Sources */,
				C3187C0720CA4728009502CC /* Constants.swift in Sources */,
				C3187C0320CA04A3009502CC /* User.swift in Sources */,
				C3B3342020C65AA600A8F30C /* AppDelegate.swift in Sources */,
			);
			runOnlyForDeploymentPostprocessing = 0;
		};
/* End PBXSourcesBuildPhase section */

/* Begin PBXVariantGroup section */
		C3B3342320C65AA600A8F30C /* Main.storyboard */ = {
			isa = PBXVariantGroup;
			children = (
				C3B3342420C65AA600A8F30C /* Base */,
			);
			name = Main.storyboard;
			sourceTree = "<group>";
		};
		C3B3342820C65AA700A8F30C /* LaunchScreen.storyboard */ = {
			isa = PBXVariantGroup;
			children = (
				C3B3342920C65AA700A8F30C /* Base */,
			);
			name = LaunchScreen.storyboard;
			sourceTree = "<group>";
		};
/* End PBXVariantGroup section */

/* Begin XCBuildConfiguration section */
		C3B3342C20C65AA700A8F30C /* Debug */ = {
			isa = XCBuildConfiguration;
			buildSettings = {
				ALWAYS_SEARCH_USER_PATHS = NO;
				CLANG_ANALYZER_NONNULL = YES;
				CLANG_ANALYZER_NUMBER_OBJECT_CONVERSION = YES_AGGRESSIVE;
				CLANG_CXX_LANGUAGE_STANDARD = "gnu++14";
				CLANG_CXX_LIBRARY = "libc++";
				CLANG_ENABLE_MODULES = YES;
				CLANG_ENABLE_OBJC_ARC = YES;
				CLANG_ENABLE_OBJC_WEAK = YES;
				CLANG_WARN_BLOCK_CAPTURE_AUTORELEASING = YES;
				CLANG_WARN_BOOL_CONVERSION = YES;
				CLANG_WARN_COMMA = YES;
				CLANG_WARN_CONSTANT_CONVERSION = YES;
				CLANG_WARN_DEPRECATED_OBJC_IMPLEMENTATIONS = YES;
				CLANG_WARN_DIRECT_OBJC_ISA_USAGE = YES_ERROR;
				CLANG_WARN_DOCUMENTATION_COMMENTS = YES;
				CLANG_WARN_EMPTY_BODY = YES;
				CLANG_WARN_ENUM_CONVERSION = YES;
				CLANG_WARN_INFINITE_RECURSION = YES;
				CLANG_WARN_INT_CONVERSION = YES;
				CLANG_WARN_NON_LITERAL_NULL_CONVERSION = YES;
				CLANG_WARN_OBJC_IMPLICIT_RETAIN_SELF = YES;
				CLANG_WARN_OBJC_LITERAL_CONVERSION = YES;
				CLANG_WARN_OBJC_ROOT_CLASS = YES_ERROR;
				CLANG_WARN_RANGE_LOOP_ANALYSIS = YES;
				CLANG_WARN_STRICT_PROTOTYPES = YES;
				CLANG_WARN_SUSPICIOUS_MOVE = YES;
				CLANG_WARN_UNGUARDED_AVAILABILITY = YES_AGGRESSIVE;
				CLANG_WARN_UNREACHABLE_CODE = YES;
				CLANG_WARN__DUPLICATE_METHOD_MATCH = YES;
				CODE_SIGN_IDENTITY = "iPhone Developer";
				COPY_PHASE_STRIP = NO;
				DEBUG_INFORMATION_FORMAT = dwarf;
				ENABLE_STRICT_OBJC_MSGSEND = YES;
				ENABLE_TESTABILITY = YES;
				GCC_C_LANGUAGE_STANDARD = gnu11;
				GCC_DYNAMIC_NO_PIC = NO;
				GCC_NO_COMMON_BLOCKS = YES;
				GCC_OPTIMIZATION_LEVEL = 0;
				GCC_PREPROCESSOR_DEFINITIONS = (
					"DEBUG=1",
					"$(inherited)",
				);
				GCC_WARN_64_TO_32_BIT_CONVERSION = YES;
				GCC_WARN_ABOUT_RETURN_TYPE = YES_ERROR;
				GCC_WARN_UNDECLARED_SELECTOR = YES;
				GCC_WARN_UNINITIALIZED_AUTOS = YES_AGGRESSIVE;
				GCC_WARN_UNUSED_FUNCTION = YES;
				GCC_WARN_UNUSED_VARIABLE = YES;
				IPHONEOS_DEPLOYMENT_TARGET = 11.4;
				MTL_ENABLE_DEBUG_INFO = YES;
				ONLY_ACTIVE_ARCH = YES;
				SDKROOT = iphoneos;
				SWIFT_ACTIVE_COMPILATION_CONDITIONS = DEBUG;
				SWIFT_OPTIMIZATION_LEVEL = "-Onone";
			};
			name = Debug;
		};
		C3B3342D20C65AA700A8F30C /* Release */ = {
			isa = XCBuildConfiguration;
			buildSettings = {
				ALWAYS_SEARCH_USER_PATHS = NO;
				CLANG_ANALYZER_NONNULL = YES;
				CLANG_ANALYZER_NUMBER_OBJECT_CONVERSION = YES_AGGRESSIVE;
				CLANG_CXX_LANGUAGE_STANDARD = "gnu++14";
				CLANG_CXX_LIBRARY = "libc++";
				CLANG_ENABLE_MODULES = YES;
				CLANG_ENABLE_OBJC_ARC = YES;
				CLANG_ENABLE_OBJC_WEAK = YES;
				CLANG_WARN_BLOCK_CAPTURE_AUTORELEASING = YES;
				CLANG_WARN_BOOL_CONVERSION = YES;
				CLANG_WARN_COMMA = YES;
				CLANG_WARN_CONSTANT_CONVERSION = YES;
				CLANG_WARN_DEPRECATED_OBJC_IMPLEMENTATIONS = YES;
				CLANG_WARN_DIRECT_OBJC_ISA_USAGE = YES_ERROR;
				CLANG_WARN_DOCUMENTATION_COMMENTS = YES;
				CLANG_WARN_EMPTY_BODY = YES;
				CLANG_WARN_ENUM_CONVERSION = YES;
				CLANG_WARN_INFINITE_RECURSION = YES;
				CLANG_WARN_INT_CONVERSION = YES;
				CLANG_WARN_NON_LITERAL_NULL_CONVERSION = YES;
				CLANG_WARN_OBJC_IMPLICIT_RETAIN_SELF = YES;
				CLANG_WARN_OBJC_LITERAL_CONVERSION = YES;
				CLANG_WARN_OBJC_ROOT_CLASS = YES_ERROR;
				CLANG_WARN_RANGE_LOOP_ANALYSIS = YES;
				CLANG_WARN_STRICT_PROTOTYPES = YES;
				CLANG_WARN_SUSPICIOUS_MOVE = YES;
				CLANG_WARN_UNGUARDED_AVAILABILITY = YES_AGGRESSIVE;
				CLANG_WARN_UNREACHABLE_CODE = YES;
				CLANG_WARN__DUPLICATE_METHOD_MATCH = YES;
				CODE_SIGN_IDENTITY = "iPhone Developer";
				COPY_PHASE_STRIP = NO;
				DEBUG_INFORMATION_FORMAT = "dwarf-with-dsym";
				ENABLE_NS_ASSERTIONS = NO;
				ENABLE_STRICT_OBJC_MSGSEND = YES;
				GCC_C_LANGUAGE_STANDARD = gnu11;
				GCC_NO_COMMON_BLOCKS = YES;
				GCC_WARN_64_TO_32_BIT_CONVERSION = YES;
				GCC_WARN_ABOUT_RETURN_TYPE = YES_ERROR;
				GCC_WARN_UNDECLARED_SELECTOR = YES;
				GCC_WARN_UNINITIALIZED_AUTOS = YES_AGGRESSIVE;
				GCC_WARN_UNUSED_FUNCTION = YES;
				GCC_WARN_UNUSED_VARIABLE = YES;
				IPHONEOS_DEPLOYMENT_TARGET = 11.4;
				MTL_ENABLE_DEBUG_INFO = NO;
				SDKROOT = iphoneos;
				SWIFT_COMPILATION_MODE = wholemodule;
				SWIFT_OPTIMIZATION_LEVEL = "-O";
				VALIDATE_PRODUCT = YES;
			};
			name = Release;
		};
		C3B3342F20C65AA700A8F30C /* Debug */ = {
			isa = XCBuildConfiguration;
			baseConfigurationReference = 86070A8EB4018201454071C1 /* Pods-ToDo.debug.xcconfig */;
			buildSettings = {
				ASSETCATALOG_COMPILER_APPICON_NAME = AppIcon;
				CODE_SIGN_STYLE = Automatic;
				DEVELOPMENT_TEAM = A9GXNTCZM6;
				INFOPLIST_FILE = ToDo/Info.plist;
				LD_RUNPATH_SEARCH_PATHS = (
					"$(inherited)",
					"@executable_path/Frameworks",
				);
				PRODUCT_BUNDLE_IDENTIFIER = com.cakirsc.ToDo;
				PRODUCT_NAME = "$(TARGET_NAME)";
				SWIFT_VERSION = 4.0;
				TARGETED_DEVICE_FAMILY = "1,2";
			};
			name = Debug;
		};
		C3B3343020C65AA700A8F30C /* Release */ = {
			isa = XCBuildConfiguration;
			baseConfigurationReference = B51221E31B35BCD2D2FC98B9 /* Pods-ToDo.release.xcconfig */;
			buildSettings = {
				ASSETCATALOG_COMPILER_APPICON_NAME = AppIcon;
				CODE_SIGN_STYLE = Automatic;
				DEVELOPMENT_TEAM = A9GXNTCZM6;
				INFOPLIST_FILE = ToDo/Info.plist;
				LD_RUNPATH_SEARCH_PATHS = (
					"$(inherited)",
					"@executable_path/Frameworks",
				);
				PRODUCT_BUNDLE_IDENTIFIER = com.cakirsc.ToDo;
				PRODUCT_NAME = "$(TARGET_NAME)";
				SWIFT_VERSION = 4.0;
				TARGETED_DEVICE_FAMILY = "1,2";
			};
			name = Release;
		};
/* End XCBuildConfiguration section */

/* Begin XCConfigurationList section */
		C3B3341720C65AA600A8F30C /* Build configuration list for PBXProject "ToDo" */ = {
			isa = XCConfigurationList;
			buildConfigurations = (
				C3B3342C20C65AA700A8F30C /* Debug */,
				C3B3342D20C65AA700A8F30C /* Release */,
			);
			defaultConfigurationIsVisible = 0;
			defaultConfigurationName = Release;
		};
		C3B3342E20C65AA700A8F30C /* Build configuration list for PBXNativeTarget "ToDo" */ = {
			isa = XCConfigurationList;
			buildConfigurations = (
				C3B3342F20C65AA700A8F30C /* Debug */,
				C3B3343020C65AA700A8F30C /* Release */,
			);
			defaultConfigurationIsVisible = 0;
			defaultConfigurationName = Release;
		};
/* End XCConfigurationList section */
	};
	rootObject = C3B3341420C65AA600A8F30C /* Project object */;
}
